
Microsoft Visual Studio Solution File, Format Version 12.00
# Visual Studio Version 17
VisualStudioVersion = 17.6.33723.286
MinimumVisualStudioVersion = 10.0.40219.1
Project("{FAE04EC0-301F-11D3-BF4B-00C04F79EFBC}") = "Calculadora", "Calculadora\Calculadora.csproj", "{A7FD6747-8A85-44E4-9AA2-B5EB98BA13D9}"
EndProject
Global
	GlobalSection(SolutionConfigurationPlatforms) = preSolution
		Debug|Any CPU = Debug|Any CPU
		Release|Any CPU = Release|Any CPU
	EndGlobalSection
	GlobalSection(ProjectConfigurationPlatforms) = postSolution
		{A7FD6747-8A85-44E4-9AA2-B5EB98BA13D9}.Debug|Any CPU.ActiveCfg = Debug|Any CPU
		{A7FD6747-8A85-44E4-9AA2-B5EB98BA13D9}.Debug|Any CPU.Build.0 = Debug|Any CPU
		{A7FD6747-8A85-44E4-9AA2-B5EB98BA13D9}.Release|Any CPU.ActiveCfg = Release|Any CPU
		{A7FD6747-8A85-44E4-9AA2-B5EB98BA13D9}.Release|Any CPU.Build.0 = Release|Any CPU
	EndGlobalSection
	GlobalSection(SolutionProperties) = preSolution
		HideSolutionNode = FALSE
	EndGlobalSection
	GlobalSection(ExtensibilityGlobals) = postSolution
		SolutionGuid = {BD330983-BAD5-48E9-A196-9756647E2F00}
	EndGlobalSection
EndGlobal
